
Microsoft Visual Studio Solution File, Format Version 12.00
# Visual Studio Version 16
VisualStudioVersion = 25.0.1706.13
MinimumVisualStudioVersion = 10.0.40219.1
Project("{FAE04EC0-301F-11D3-BF4B-00C04F79EFBC}") = "CsharpSolid", "CsharpSolid.csproj", "{117D8322-E8B7-4C1A-897D-B0A65E5A4894}"
EndProject
Global
	GlobalSection(SolutionConfigurationPlatforms) = preSolution
		Debug|Any CPU = Debug|Any CPU
		Release|Any CPU = Release|Any CPU
	EndGlobalSection
	GlobalSection(ProjectConfigurationPlatforms) = postSolution
		{117D8322-E8B7-4C1A-897D-B0A65E5A4894}.Debug|Any CPU.ActiveCfg = Debug|Any CPU
		{117D8322-E8B7-4C1A-897D-B0A65E5A4894}.Debug|Any CPU.Build.0 = Debug|Any CPU
		{117D8322-E8B7-4C1A-897D-B0A65E5A4894}.Release|Any CPU.ActiveCfg = Release|Any CPU
		{117D8322-E8B7-4C1A-897D-B0A65E5A4894}.Release|Any CPU.Build.0 = Release|Any CPU
	EndGlobalSection
	GlobalSection(SolutionProperties) = preSolution
		HideSolutionNode = FALSE
	EndGlobalSection
	GlobalSection(ExtensibilityGlobals) = postSolution
		SolutionGuid = {3699CE6E-1E54-4185-81E5-80A0AAA950B7}
	EndGlobalSection
EndGlobal
